
Microsoft Visual Studio Solution File, Format Version 12.00
# Visual Studio Version 16
VisualStudioVersion = 25.0.1706.14
MinimumVisualStudioVersion = 10.0.40219.1
Project("{FAE04EC0-301F-11D3-BF4B-00C04F79EFBC}") = "TCBProxyApp", "TCBProxyApp.csproj", "{CFE0444E-473B-45B4-A0B8-11458A672775}"
EndProject
Global
	GlobalSection(SolutionConfigurationPlatforms) = preSolution
		Debug|Any CPU = Debug|Any CPU
		Release|Any CPU = Release|Any CPU
	EndGlobalSection
	GlobalSection(ProjectConfigurationPlatforms) = postSolution
		{CFE0444E-473B-45B4-A0B8-11458A672775}.Debug|Any CPU.ActiveCfg = Debug|Any CPU
		{CFE0444E-473B-45B4-A0B8-11458A672775}.Debug|Any CPU.Build.0 = Debug|Any CPU
		{CFE0444E-473B-45B4-A0B8-11458A672775}.Release|Any CPU.ActiveCfg = Release|Any CPU
		{CFE0444E-473B-45B4-A0B8-11458A672775}.Release|Any CPU.Build.0 = Release|Any CPU
	EndGlobalSection
	GlobalSection(SolutionProperties) = preSolution
		HideSolutionNode = FALSE
	EndGlobalSection
	GlobalSection(ExtensibilityGlobals) = postSolution
		SolutionGuid = {0D4763EA-8F1D-43AD-9936-A45471C0E90C}
	EndGlobalSection
EndGlobal
